
Microsoft Visual Studio Solution File, Format Version 12.00
# Visual Studio Version 16
VisualStudioVersion = 16.0.29519.181
MinimumVisualStudioVersion = 10.0.40219.1
Project("{9A19103F-16F7-4668-BE54-9A1E7A4F7556}") = "NHSD.BuyingCatalogue.Ordering.Api", "src\NHSD.BuyingCatalogue.Ordering.Api\NHSD.BuyingCatalogue.Ordering.Api.csproj", "{B4DBCB83-BDBA-4C65-9F0B-C6FCB06A846B}"
EndProject
Project("{2150E333-8FDC-42A3-9474-1A3956D46DE8}") = "src", "src", "{2BC13686-75FE-43D6-A30D-3E39F5D688A9}"
EndProject
Project("{2150E333-8FDC-42A3-9474-1A3956D46DE8}") = "tests", "tests", "{152C5610-E85A-46DE-876D-3D372B198BE5}"
EndProject
Project("{9A19103F-16F7-4668-BE54-9A1E7A4F7556}") = "NHSD.BuyingCatalogue.Ordering.Api.UnitTests", "tests\NHSD.BuyingCatalogue.Ordering.Api.UnitTests\NHSD.BuyingCatalogue.Ordering.Api.UnitTests.csproj", "{35A62F97-B61C-4135-9A0C-6520C649C2E3}"
EndProject
Project("{9A19103F-16F7-4668-BE54-9A1E7A4F7556}") = "NHSD.BuyingCatalogue.Ordering.Api.IntegrationTests", "tests\NHSD.BuyingCatalogue.Ordering.Api.IntegrationTests\NHSD.BuyingCatalogue.Ordering.Api.IntegrationTests.csproj", "{B7D6DC1C-174F-477E-BA79-E217AEAAF3E9}"
EndProject
Project("{9A19103F-16F7-4668-BE54-9A1E7A4F7556}") = "NHSD.BuyingCatalogue.Ordering.Common", "src\NHSD.BuyingCatalogue.Ordering.Common\NHSD.BuyingCatalogue.Ordering.Common.csproj", "{D5697631-9B71-4453-A79E-6E9572E724CC}"
EndProject
Global
	GlobalSection(SolutionConfigurationPlatforms) = preSolution
		Debug|Any CPU = Debug|Any CPU
		Release|Any CPU = Release|Any CPU
	EndGlobalSection
	GlobalSection(ProjectConfigurationPlatforms) = postSolution
		{B4DBCB83-BDBA-4C65-9F0B-C6FCB06A846B}.Debug|Any CPU.ActiveCfg = Debug|Any CPU
		{B4DBCB83-BDBA-4C65-9F0B-C6FCB06A846B}.Debug|Any CPU.Build.0 = Debug|Any CPU
		{B4DBCB83-BDBA-4C65-9F0B-C6FCB06A846B}.Release|Any CPU.ActiveCfg = Release|Any CPU
		{B4DBCB83-BDBA-4C65-9F0B-C6FCB06A846B}.Release|Any CPU.Build.0 = Release|Any CPU
		{35A62F97-B61C-4135-9A0C-6520C649C2E3}.Debug|Any CPU.ActiveCfg = Debug|Any CPU
		{35A62F97-B61C-4135-9A0C-6520C649C2E3}.Debug|Any CPU.Build.0 = Debug|Any CPU
		{35A62F97-B61C-4135-9A0C-6520C649C2E3}.Release|Any CPU.ActiveCfg = Release|Any CPU
		{35A62F97-B61C-4135-9A0C-6520C649C2E3}.Release|Any CPU.Build.0 = Release|Any CPU
		{B7D6DC1C-174F-477E-BA79-E217AEAAF3E9}.Debug|Any CPU.ActiveCfg = Debug|Any CPU
		{B7D6DC1C-174F-477E-BA79-E217AEAAF3E9}.Debug|Any CPU.Build.0 = Debug|Any CPU
		{B7D6DC1C-174F-477E-BA79-E217AEAAF3E9}.Release|Any CPU.ActiveCfg = Release|Any CPU
		{B7D6DC1C-174F-477E-BA79-E217AEAAF3E9}.Release|Any CPU.Build.0 = Release|Any CPU
		{D5697631-9B71-4453-A79E-6E9572E724CC}.Debug|Any CPU.ActiveCfg = Debug|Any CPU
		{D5697631-9B71-4453-A79E-6E9572E724CC}.Debug|Any CPU.Build.0 = Debug|Any CPU
		{D5697631-9B71-4453-A79E-6E9572E724CC}.Release|Any CPU.ActiveCfg = Release|Any CPU
		{D5697631-9B71-4453-A79E-6E9572E724CC}.Release|Any CPU.Build.0 = Release|Any CPU
	EndGlobalSection
	GlobalSection(SolutionProperties) = preSolution
		HideSolutionNode = FALSE
	EndGlobalSection
	GlobalSection(NestedProjects) = preSolution
		{B4DBCB83-BDBA-4C65-9F0B-C6FCB06A846B} = {2BC13686-75FE-43D6-A30D-3E39F5D688A9}
		{35A62F97-B61C-4135-9A0C-6520C649C2E3} = {152C5610-E85A-46DE-876D-3D372B198BE5}
		{B7D6DC1C-174F-477E-BA79-E217AEAAF3E9} = {152C5610-E85A-46DE-876D-3D372B198BE5}
		{D5697631-9B71-4453-A79E-6E9572E724CC} = {2BC13686-75FE-43D6-A30D-3E39F5D688A9}
	EndGlobalSection
	GlobalSection(ExtensibilityGlobals) = postSolution
		SolutionGuid = {B71E924C-436B-42AD-9798-398E75C82AA3}
	EndGlobalSection
EndGlobal
