
Microsoft Visual Studio Solution File, Format Version 12.00
# Visual Studio Version 16
VisualStudioVersion = 16.0.29519.181
MinimumVisualStudioVersion = 10.0.40219.1
Project("{FAE04EC0-301F-11D3-BF4B-00C04F79EFBC}") = "NHSD.BuyingCatalogue.Ordering.Api", "NHSD.BuyingCatalogue.Ordering.Api\NHSD.BuyingCatalogue.Ordering.Api.csproj", "{D3160FB6-3AFA-44B9-87E2-AC3683D5D1DC}"
EndProject
Global
	GlobalSection(SolutionConfigurationPlatforms) = preSolution
		Debug|Any CPU = Debug|Any CPU
		Release|Any CPU = Release|Any CPU
	EndGlobalSection
	GlobalSection(ProjectConfigurationPlatforms) = postSolution
		{D3160FB6-3AFA-44B9-87E2-AC3683D5D1DC}.Debug|Any CPU.ActiveCfg = Debug|Any CPU
		{D3160FB6-3AFA-44B9-87E2-AC3683D5D1DC}.Debug|Any CPU.Build.0 = Debug|Any CPU
		{D3160FB6-3AFA-44B9-87E2-AC3683D5D1DC}.Release|Any CPU.ActiveCfg = Release|Any CPU
		{D3160FB6-3AFA-44B9-87E2-AC3683D5D1DC}.Release|Any CPU.Build.0 = Release|Any CPU
	EndGlobalSection
	GlobalSection(SolutionProperties) = preSolution
		HideSolutionNode = FALSE
	EndGlobalSection
	GlobalSection(ExtensibilityGlobals) = postSolution
		SolutionGuid = {B71E924C-436B-42AD-9798-398E75C82AA3}
	EndGlobalSection
EndGlobal
